
Microsoft Visual Studio Solution File, Format Version 12.00
# Visual Studio Version 17
VisualStudioVersion = 17.14.37012.4 d17.14
MinimumVisualStudioVersion = 10.0.40219.1
Project("{FAE04EC0-301F-11D3-BF4B-00C04F79EFBC}") = "EmployeeAPI.Rest", "EmployeeAPI.Rest\EmployeeAPI.Rest.csproj", "{DA291904-2977-489B-8F04-0FCA277DEA30}"
EndProject
Project("{FAE04EC0-301F-11D3-BF4B-00C04F79EFBC}") = "EmployeeAPI.Application", "EmployeeAPI.Application\EmployeeAPI.Application.csproj", "{28A86496-A5D8-401B-93C5-17CF90BDE174}"
EndProject
Project("{FAE04EC0-301F-11D3-BF4B-00C04F79EFBC}") = "EmployeeAPI.Domain", "EmployeeAPI.Domain\EmployeeAPI.Domain.csproj", "{841A9E83-822B-4660-8A42-5E9FE953B7EA}"
EndProject
Project("{FAE04EC0-301F-11D3-BF4B-00C04F79EFBC}") = "EmployeeAPI.Infrastructure", "EmployeeAPI.Infrastructure\EmployeeAPI.Infrastructure.csproj", "{59DFF022-3D8E-40E0-8C88-A26CE1C02265}"
EndProject
Project("{2150E333-8FDC-42A3-9474-1A3956D46DE8}") = "Solution Items", "Solution Items", "{8EC462FD-D22E-90A8-E5CE-7E832BA40C5D}"
	ProjectSection(SolutionItems) = preProject
		.gitignore = .gitignore
	EndProjectSection
EndProject
Global
	GlobalSection(SolutionConfigurationPlatforms) = preSolution
		Debug|Any CPU = Debug|Any CPU
		Release|Any CPU = Release|Any CPU
	EndGlobalSection
	GlobalSection(ProjectConfigurationPlatforms) = postSolution
		{DA291904-2977-489B-8F04-0FCA277DEA30}.Debug|Any CPU.ActiveCfg = Debug|Any CPU
		{DA291904-2977-489B-8F04-0FCA277DEA30}.Debug|Any CPU.Build.0 = Debug|Any CPU
		{DA291904-2977-489B-8F04-0FCA277DEA30}.Release|Any CPU.ActiveCfg = Release|Any CPU
		{DA291904-2977-489B-8F04-0FCA277DEA30}.Release|Any CPU.Build.0 = Release|Any CPU
		{28A86496-A5D8-401B-93C5-17CF90BDE174}.Debug|Any CPU.ActiveCfg = Debug|Any CPU
		{28A86496-A5D8-401B-93C5-17CF90BDE174}.Debug|Any CPU.Build.0 = Debug|Any CPU
		{28A86496-A5D8-401B-93C5-17CF90BDE174}.Release|Any CPU.ActiveCfg = Release|Any CPU
		{28A86496-A5D8-401B-93C5-17CF90BDE174}.Release|Any CPU.Build.0 = Release|Any CPU
		{841A9E83-822B-4660-8A42-5E9FE953B7EA}.Debug|Any CPU.ActiveCfg = Debug|Any CPU
		{841A9E83-822B-4660-8A42-5E9FE953B7EA}.Debug|Any CPU.Build.0 = Debug|Any CPU
		{841A9E83-822B-4660-8A42-5E9FE953B7EA}.Release|Any CPU.ActiveCfg = Release|Any CPU
		{841A9E83-822B-4660-8A42-5E9FE953B7EA}.Release|Any CPU.Build.0 = Release|Any CPU
		{59DFF022-3D8E-40E0-8C88-A26CE1C02265}.Debug|Any CPU.ActiveCfg = Debug|Any CPU
		{59DFF022-3D8E-40E0-8C88-A26CE1C02265}.Debug|Any CPU.Build.0 = Debug|Any CPU
		{59DFF022-3D8E-40E0-8C88-A26CE1C02265}.Release|Any CPU.ActiveCfg = Release|Any CPU
		{59DFF022-3D8E-40E0-8C88-A26CE1C02265}.Release|Any CPU.Build.0 = Release|Any CPU
	EndGlobalSection
	GlobalSection(SolutionProperties) = preSolution
		HideSolutionNode = FALSE
	EndGlobalSection
	GlobalSection(ExtensibilityGlobals) = postSolution
		SolutionGuid = {2D879685-5092-468D-B9DB-8B8B305F5CCE}
	EndGlobalSection
EndGlobal
